
Microsoft Visual Studio Solution File, Format Version 11.00
# Visual Studio 2010
Project("{FAE04EC0-301F-11D3-BF4B-00C04F79EFBC}") = "UrbanPiperClient", "UrbanPiperClient\UrbanPiperClient.csproj", "{B314F107-6348-4B24-96B3-255844184BAE}"
EndProject
Project("{FAE04EC0-301F-11D3-BF4B-00C04F79EFBC}") = "UrbanPiperClientTest", "UrbanPiperClientTest\UrbanPiperClientTest.csproj", "{23C7C3DD-E634-4F85-8EF9-3ED3798F7E4A}"
EndProject
Global
	GlobalSection(SolutionConfigurationPlatforms) = preSolution
		Debug|Any CPU = Debug|Any CPU
		Debug|Mixed Platforms = Debug|Mixed Platforms
		Debug|x86 = Debug|x86
		Release|Any CPU = Release|Any CPU
		Release|Mixed Platforms = Release|Mixed Platforms
		Release|x86 = Release|x86
	EndGlobalSection
	GlobalSection(ProjectConfigurationPlatforms) = postSolution
		{B314F107-6348-4B24-96B3-255844184BAE}.Debug|Any CPU.ActiveCfg = Debug|Any CPU
		{B314F107-6348-4B24-96B3-255844184BAE}.Debug|Any CPU.Build.0 = Debug|Any CPU
		{B314F107-6348-4B24-96B3-255844184BAE}.Debug|Mixed Platforms.ActiveCfg = Debug|Any CPU
		{B314F107-6348-4B24-96B3-255844184BAE}.Debug|Mixed Platforms.Build.0 = Debug|Any CPU
		{B314F107-6348-4B24-96B3-255844184BAE}.Debug|x86.ActiveCfg = Debug|Any CPU
		{B314F107-6348-4B24-96B3-255844184BAE}.Release|Any CPU.ActiveCfg = Release|Any CPU
		{B314F107-6348-4B24-96B3-255844184BAE}.Release|Any CPU.Build.0 = Release|Any CPU
		{B314F107-6348-4B24-96B3-255844184BAE}.Release|Mixed Platforms.ActiveCfg = Release|Any CPU
		{B314F107-6348-4B24-96B3-255844184BAE}.Release|Mixed Platforms.Build.0 = Release|Any CPU
		{B314F107-6348-4B24-96B3-255844184BAE}.Release|x86.ActiveCfg = Release|Any CPU
		{23C7C3DD-E634-4F85-8EF9-3ED3798F7E4A}.Debug|Any CPU.ActiveCfg = Debug|x86
		{23C7C3DD-E634-4F85-8EF9-3ED3798F7E4A}.Debug|Mixed Platforms.ActiveCfg = Debug|x86
		{23C7C3DD-E634-4F85-8EF9-3ED3798F7E4A}.Debug|Mixed Platforms.Build.0 = Debug|x86
		{23C7C3DD-E634-4F85-8EF9-3ED3798F7E4A}.Debug|x86.ActiveCfg = Debug|x86
		{23C7C3DD-E634-4F85-8EF9-3ED3798F7E4A}.Debug|x86.Build.0 = Debug|x86
		{23C7C3DD-E634-4F85-8EF9-3ED3798F7E4A}.Release|Any CPU.ActiveCfg = Release|x86
		{23C7C3DD-E634-4F85-8EF9-3ED3798F7E4A}.Release|Mixed Platforms.ActiveCfg = Release|x86
		{23C7C3DD-E634-4F85-8EF9-3ED3798F7E4A}.Release|Mixed Platforms.Build.0 = Release|x86
		{23C7C3DD-E634-4F85-8EF9-3ED3798F7E4A}.Release|x86.ActiveCfg = Release|x86
		{23C7C3DD-E634-4F85-8EF9-3ED3798F7E4A}.Release|x86.Build.0 = Release|x86
	EndGlobalSection
	GlobalSection(SolutionProperties) = preSolution
		HideSolutionNode = FALSE
	EndGlobalSection
EndGlobal
